# This file is automatically @generated by Cargo.
# It is not intended for manual editing.
version = 4

[[package]]
name = "omx-cli"
version = "0.8.11"
dependencies = [
 "omx-process",
]

[[package]]
name = "omx-explore-harness"
version = "0.1.0"

[[package]]
name = "omx-process"
version = "0.8.11"
